
Microsoft Visual Studio Solution File, Format Version 12.00
# Visual Studio Version 16
VisualStudioVersion = 16.0.30804.86
MinimumVisualStudioVersion = 10.0.40219.1
Project("{9A19103F-16F7-4668-BE54-9A1E7A4F7556}") = "TicTocToe", "TicTocToe\TicTocToe.csproj", "{42480A36-D27E-4C47-8E13-489C8A683E02}"
EndProject
Project("{FAE04EC0-301F-11D3-BF4B-00C04F79EFBC}") = "Chess", "Chess\Chess.csproj", "{B9D65950-68F5-47AA-89EC-49A1AF191B42}"
EndProject
Project("{FAE04EC0-301F-11D3-BF4B-00C04F79EFBC}") = "MultiplicationTable", "MultiplicationTable\MultiplicationTable.csproj", "{52D1A491-6DC1-476B-9CD8-4D0731CFDE33}"
EndProject
Global
	GlobalSection(SolutionConfigurationPlatforms) = preSolution
		Debug|Any CPU = Debug|Any CPU
		Release|Any CPU = Release|Any CPU
	EndGlobalSection
	GlobalSection(ProjectConfigurationPlatforms) = postSolution
		{42480A36-D27E-4C47-8E13-489C8A683E02}.Debug|Any CPU.ActiveCfg = Debug|Any CPU
		{42480A36-D27E-4C47-8E13-489C8A683E02}.Debug|Any CPU.Build.0 = Debug|Any CPU
		{42480A36-D27E-4C47-8E13-489C8A683E02}.Release|Any CPU.ActiveCfg = Release|Any CPU
		{42480A36-D27E-4C47-8E13-489C8A683E02}.Release|Any CPU.Build.0 = Release|Any CPU
		{B9D65950-68F5-47AA-89EC-49A1AF191B42}.Debug|Any CPU.ActiveCfg = Debug|Any CPU
		{B9D65950-68F5-47AA-89EC-49A1AF191B42}.Debug|Any CPU.Build.0 = Debug|Any CPU
		{B9D65950-68F5-47AA-89EC-49A1AF191B42}.Release|Any CPU.ActiveCfg = Release|Any CPU
		{B9D65950-68F5-47AA-89EC-49A1AF191B42}.Release|Any CPU.Build.0 = Release|Any CPU
		{52D1A491-6DC1-476B-9CD8-4D0731CFDE33}.Debug|Any CPU.ActiveCfg = Debug|Any CPU
		{52D1A491-6DC1-476B-9CD8-4D0731CFDE33}.Debug|Any CPU.Build.0 = Debug|Any CPU
		{52D1A491-6DC1-476B-9CD8-4D0731CFDE33}.Release|Any CPU.ActiveCfg = Release|Any CPU
		{52D1A491-6DC1-476B-9CD8-4D0731CFDE33}.Release|Any CPU.Build.0 = Release|Any CPU
	EndGlobalSection
	GlobalSection(SolutionProperties) = preSolution
		HideSolutionNode = FALSE
	EndGlobalSection
	GlobalSection(ExtensibilityGlobals) = postSolution
		SolutionGuid = {0624006D-0038-45DE-A21F-71B5DD7FD405}
	EndGlobalSection
EndGlobal
